github.com/AndriyKalashnykov/go-face v0.1.4 h1:2Q7oIfrkpZhmzno5sBSqlkmNOwUj1/VGpTy0B+60VRY=
github.com/AndriyKalashnykov/go-face v0.1.4/go.mod h1:G1X/ES7/T6vyAHVcXI6nnyqvvGdK8Z11Yg39wpJi06U=
golang.org/x/image v0.42.0 h1:1gSs6ehNWXLbkHBIPcWztk3D/6aIA/8hauiAYtlodVY=
golang.org/x/image v0.42.0/go.mod h1:rrpelvGFt+kLPAjPM4HeWPgrl0FtafueU//e5N0qk/Q=
golang.org/x/text v0.38.0 h1:sXmwo9DwP3OK9EZ7PqAdaooSGozfl/3a6/xJcbzPRhE=
golang.org/x/text v0.38.0/go.mod h1:YXZt3QhHUKYT53r2lLKFIVi6Ao1jdzrTR/KQ09qyxF4=
